// !$*UTF8*$!
{
	archiveVersion = 1;
	classes = {
	};
	objectVersion = 50;
	objects = {

/* Begin PBXBuildFile section */
		864EE0CB24A90415007E9D46 /* ProfileViewController.swift in Sources */ = {isa = PBXBuildFile; fileRef = 864EE0CA24A90415007E9D46 /* ProfileViewController.swift */; };
		865FA59824AA6FC90020EE30 /* ChatObject.swift in Sources */ = {isa = PBXBuildFile; fileRef = 865FA59724AA6FC90020EE30 /* ChatObject.swift */; };
		865FA59A24AA705C0020EE30 /* Chat.swift in Sources */ = {isa = PBXBuildFile; fileRef = 865FA59924AA705C0020EE30 /* Chat.swift */; };
		865FA59E24AA76B70020EE30 /* Message.swift in Sources */ = {isa = PBXBuildFile; fileRef = 865FA59D24AA76B70020EE30 /* Message.swift */; };
		8664EABE24AE309E0078963D /* ConnectionViewController.swift in Sources */ = {isa = PBXBuildFile; fileRef = 8664EABD24AE309E0078963D /* ConnectionViewController.swift */; };
		86AB1FF224A8D4CF007C60A4 /* AppDelegate.swift in Sources */ = {isa = PBXBuildFile; fileRef = 86AB1FF124A8D4CF007C60A4 /* AppDelegate.swift */; };
		86AB1FF424A8D4CF007C60A4 /* SceneDelegate.swift in Sources */ = {isa = PBXBuildFile; fileRef = 86AB1FF324A8D4CF007C60A4 /* SceneDelegate.swift */; };
		86AB1FF624A8D4CF007C60A4 /* ChatViewController.swift in Sources */ = {isa = PBXBuildFile; fileRef = 86AB1FF524A8D4CF007C60A4 /* ChatViewController.swift */; };
		86AB1FF924A8D4CF007C60A4 /* Main.storyboard in Resources */ = {isa = PBXBuildFile; fileRef = 86AB1FF724A8D4CF007C60A4 /* Main.storyboard */; };
		86AB1FFC24A8D4CF007C60A4 /* Intranet.xcdatamodeld in Sources */ = {isa = PBXBuildFile; fileRef = 86AB1FFA24A8D4CF007C60A4 /* Intranet.xcdatamodeld */; };
		86AB1FFE24A8D4D4007C60A4 /* Assets.xcassets in Resources */ = {isa = PBXBuildFile; fileRef = 86AB1FFD24A8D4D4007C60A4 /* Assets.xcassets */; };
		86AB200124A8D4D4007C60A4 /* LaunchScreen.storyboard in Resources */ = {isa = PBXBuildFile; fileRef = 86AB1FFF24A8D4D4007C60A4 /* LaunchScreen.storyboard */; };
		86AB200C24A8DFE0007C60A4 /* BaseExtensions.swift in Sources */ = {isa = PBXBuildFile; fileRef = 86AB200B24A8DFE0007C60A4 /* BaseExtensions.swift */; };
		86AB201024A8E31F007C60A4 /* User.swift in Sources */ = {isa = PBXBuildFile; fileRef = 86AB200F24A8E31F007C60A4 /* User.swift */; };
		86AB201224A8E371007C60A4 /* UserObject.swift in Sources */ = {isa = PBXBuildFile; fileRef = 86AB201124A8E371007C60A4 /* UserObject.swift */; };
		86AB201424A8E43A007C60A4 /* UserAuthorization.swift in Sources */ = {isa = PBXBuildFile; fileRef = 86AB201324A8E43A007C60A4 /* UserAuthorization.swift */; };
		86AB201624A8E468007C60A4 /* UsersStorageManager.swift in Sources */ = {isa = PBXBuildFile; fileRef = 86AB201524A8E468007C60A4 /* UsersStorageManager.swift */; };
		86CB163724AA7AC300A35A51 /* MessagesObject.swift in Sources */ = {isa = PBXBuildFile; fileRef = 86CB163624AA7AC300A35A51 /* MessagesObject.swift */; };
		86E50E4A24AB77B80054D4D5 /* ChatsStorageManager.swift in Sources */ = {isa = PBXBuildFile; fileRef = 86E50E4924AB77B80054D4D5 /* ChatsStorageManager.swift */; };
		86E50E4D24AB7BBC0054D4D5 /* ChatCell.swift in Sources */ = {isa = PBXBuildFile; fileRef = 86E50E4B24AB7BBC0054D4D5 /* ChatCell.swift */; };
		86E50E4E24AB7BBC0054D4D5 /* ChatCell.xib in Resources */ = {isa = PBXBuildFile; fileRef = 86E50E4C24AB7BBC0054D4D5 /* ChatCell.xib */; };
		86E50E5024ABA5610054D4D5 /* MessagesStorageManager.swift in Sources */ = {isa = PBXBuildFile; fileRef = 86E50E4F24ABA5610054D4D5 /* MessagesStorageManager.swift */; };
		86E50E5224ABA9100054D4D5 /* LocalMessagesViewController.swift in Sources */ = {isa = PBXBuildFile; fileRef = 86E50E5124ABA9100054D4D5 /* LocalMessagesViewController.swift */; };
		86E50E5524ABABCC0054D4D5 /* MessageCell.swift in Sources */ = {isa = PBXBuildFile; fileRef = 86E50E5324ABABCC0054D4D5 /* MessageCell.swift */; };
		86E50E5624ABABCC0054D4D5 /* MessageCell.xib in Resources */ = {isa = PBXBuildFile; fileRef = 86E50E5424ABABCC0054D4D5 /* MessageCell.xib */; };
		86E50E5824ABABF40054D4D5 /* BaseProtocols.swift in Sources */ = {isa = PBXBuildFile; fileRef = 86E50E5724ABABF40054D4D5 /* BaseProtocols.swift */; };
/* End PBXBuildFile section */

/* Begin PBXFileReference section */
		864EE0CA24A90415007E9D46 /* ProfileViewController.swift */ = {isa = PBXFileReference; lastKnownFileType = sourcecode.swift; path = ProfileViewController.swift; sourceTree = "<group>"; };
		865FA59724AA6FC90020EE30 /* ChatObject.swift */ = {isa = PBXFileReference; lastKnownFileType = sourcecode.swift; path = ChatObject.swift; sourceTree = "<group>"; };
		865FA59924AA705C0020EE30 /* Chat.swift */ = {isa = PBXFileReference; lastKnownFileType = sourcecode.swift; path = Chat.swift; sourceTree = "<group>"; };
		865FA59D24AA76B70020EE30 /* Message.swift */ = {isa = PBXFileReference; lastKnownFileType = sourcecode.swift; path = Message.swift; sourceTree = "<group>"; };
		8664EABD24AE309E0078963D /* ConnectionViewController.swift */ = {isa = PBXFileReference; lastKnownFileType = sourcecode.swift; path = ConnectionViewController.swift; sourceTree = "<group>"; };
		86AB1FEE24A8D4CF007C60A4 /* Intranet.app */ = {isa = PBXFileReference; explicitFileType = wrapper.application; includeInIndex = 0; path = Intranet.app; sourceTree = BUILT_PRODUCTS_DIR; };
		86AB1FF124A8D4CF007C60A4 /* AppDelegate.swift */ = {isa = PBXFileReference; lastKnownFileType = sourcecode.swift; path = AppDelegate.swift; sourceTree = "<group>"; };
		86AB1FF324A8D4CF007C60A4 /* SceneDelegate.swift */ = {isa = PBXFileReference; lastKnownFileType = sourcecode.swift; path = SceneDelegate.swift; sourceTree = "<group>"; };
		86AB1FF524A8D4CF007C60A4 /* ChatViewController.swift */ = {isa = PBXFileReference; lastKnownFileType = sourcecode.swift; path = ChatViewController.swift; sourceTree = "<group>"; };
		86AB1FF824A8D4CF007C60A4 /* Base */ = {isa = PBXFileReference; lastKnownFileType = file.storyboard; name = Base; path = Base.lproj/Main.storyboard; sourceTree = "<group>"; };
		86AB1FFB24A8D4CF007C60A4 /* Intranet.xcdatamodel */ = {isa = PBXFileReference; lastKnownFileType = wrapper.xcdatamodel; path = Intranet.xcdatamodel; sourceTree = "<group>"; };
		86AB1FFD24A8D4D4007C60A4 /* Assets.xcassets */ = {isa = PBXFileReference; lastKnownFileType = folder.assetcatalog; path = Assets.xcassets; sourceTree = "<group>"; };
		86AB200024A8D4D4007C60A4 /* Base */ = {isa = PBXFileReference; lastKnownFileType = file.storyboard; name = Base; path = Base.lproj/LaunchScreen.storyboard; sourceTree = "<group>"; };
		86AB200224A8D4D4007C60A4 /* Info.plist */ = {isa = PBXFileReference; lastKnownFileType = text.plist.xml; path = Info.plist; sourceTree = "<group>"; };
		86AB200B24A8DFE0007C60A4 /* BaseExtensions.swift */ = {isa = PBXFileReference; lastKnownFileType = sourcecode.swift; path = BaseExtensions.swift; sourceTree = "<group>"; };
		86AB200F24A8E31F007C60A4 /* User.swift */ = {isa = PBXFileReference; lastKnownFileType = sourcecode.swift; path = User.swift; sourceTree = "<group>"; };
		86AB201124A8E371007C60A4 /* UserObject.swift */ = {isa = PBXFileReference; lastKnownFileType = sourcecode.swift; path = UserObject.swift; sourceTree = "<group>"; };
		86AB201324A8E43A007C60A4 /* UserAuthorization.swift */ = {isa = PBXFileReference; lastKnownFileType = sourcecode.swift; path = UserAuthorization.swift; sourceTree = "<group>"; };
		86AB201524A8E468007C60A4 /* UsersStorageManager.swift */ = {isa = PBXFileReference; lastKnownFileType = sourcecode.swift; path = UsersStorageManager.swift; sourceTree = "<group>"; };
		86CB163624AA7AC300A35A51 /* MessagesObject.swift */ = {isa = PBXFileReference; lastKnownFileType = sourcecode.swift; path = MessagesObject.swift; sourceTree = "<group>"; };
		86E50E4924AB77B80054D4D5 /* ChatsStorageManager.swift */ = {isa = PBXFileReference; lastKnownFileType = sourcecode.swift; path = ChatsStorageManager.swift; sourceTree = "<group>"; };
		86E50E4B24AB7BBC0054D4D5 /* ChatCell.swift */ = {isa = PBXFileReference; lastKnownFileType = sourcecode.swift; path = ChatCell.swift; sourceTree = "<group>"; };
		86E50E4C24AB7BBC0054D4D5 /* ChatCell.xib */ = {isa = PBXFileReference; lastKnownFileType = file.xib; path = ChatCell.xib; sourceTree = "<group>"; };
		86E50E4F24ABA5610054D4D5 /* MessagesStorageManager.swift */ = {isa = PBXFileReference; lastKnownFileType = sourcecode.swift; path = MessagesStorageManager.swift; sourceTree = "<group>"; };
		86E50E5124ABA9100054D4D5 /* LocalMessagesViewController.swift */ = {isa = PBXFileReference; lastKnownFileType = sourcecode.swift; path = LocalMessagesViewController.swift; sourceTree = "<group>"; };
		86E50E5324ABABCC0054D4D5 /* MessageCell.swift */ = {isa = PBXFileReference; lastKnownFileType = sourcecode.swift; path = MessageCell.swift; sourceTree = "<group>"; };
		86E50E5424ABABCC0054D4D5 /* MessageCell.xib */ = {isa = PBXFileReference; lastKnownFileType = file.xib; path = MessageCell.xib; sourceTree = "<group>"; };
		86E50E5724ABABF40054D4D5 /* BaseProtocols.swift */ = {isa = PBXFileReference; lastKnownFileType = sourcecode.swift; path = BaseProtocols.swift; sourceTree = "<group>"; };
/* End PBXFileReference section */

/* Begin PBXFrameworksBuildPhase section */
		86AB1FEB24A8D4CF007C60A4 /* Frameworks */ = {
			isa = PBXFrameworksBuildPhase;
			buildActionMask = 2147483647;
			files = (
			);
			runOnlyForDeploymentPostprocessing = 0;
		};
/* End PBXFrameworksBuildPhase section */

/* Begin PBXGroup section */
		865FA59624AA6F9E0020EE30 /* User */ = {
			isa = PBXGroup;
			children = (
				86AB200F24A8E31F007C60A4 /* User.swift */,
				86AB201124A8E371007C60A4 /* UserObject.swift */,
				86AB201324A8E43A007C60A4 /* UserAuthorization.swift */,
			);
			path = User;
			sourceTree = "<group>";
		};
		865FA59B24AA71000020EE30 /* Chat */ = {
			isa = PBXGroup;
			children = (
				865FA59724AA6FC90020EE30 /* ChatObject.swift */,
				865FA59924AA705C0020EE30 /* Chat.swift */,
				86E50E4B24AB7BBC0054D4D5 /* ChatCell.swift */,
				86E50E4C24AB7BBC0054D4D5 /* ChatCell.xib */,
			);
			path = Chat;
			sourceTree = "<group>";
		};
		865FA59C24AA74F20020EE30 /* Message */ = {
			isa = PBXGroup;
			children = (
				865FA59D24AA76B70020EE30 /* Message.swift */,
				86CB163624AA7AC300A35A51 /* MessagesObject.swift */,
				86E50E5324ABABCC0054D4D5 /* MessageCell.swift */,
				86E50E5424ABABCC0054D4D5 /* MessageCell.xib */,
			);
			path = Message;
			sourceTree = "<group>";
		};
		86AB1FE524A8D4CF007C60A4 = {
			isa = PBXGroup;
			children = (
				86AB1FF024A8D4CF007C60A4 /* Intranet */,
				86AB1FEF24A8D4CF007C60A4 /* Products */,
			);
			sourceTree = "<group>";
		};
		86AB1FEF24A8D4CF007C60A4 /* Products */ = {
			isa = PBXGroup;
			children = (
				86AB1FEE24A8D4CF007C60A4 /* Intranet.app */,
			);
			name = Products;
			sourceTree = "<group>";
		};
		86AB1FF024A8D4CF007C60A4 /* Intranet */ = {
			isa = PBXGroup;
			children = (
				86AB201724A8E586007C60A4 /* CoreData */,
				86AB200824A8DEF3007C60A4 /* ViewControllers */,
				86AB200A24A8DF56007C60A4 /* Models */,
				86AB200924A8DF4D007C60A4 /* SupportingFiles */,
				86AB1FF124A8D4CF007C60A4 /* AppDelegate.swift */,
				86AB1FF324A8D4CF007C60A4 /* SceneDelegate.swift */,
				86AB200224A8D4D4007C60A4 /* Info.plist */,
			);
			path = Intranet;
			sourceTree = "<group>";
		};
		86AB200824A8DEF3007C60A4 /* ViewControllers */ = {
			isa = PBXGroup;
			children = (
				86AB1FF524A8D4CF007C60A4 /* ChatViewController.swift */,
				864EE0CA24A90415007E9D46 /* ProfileViewController.swift */,
				86E50E5124ABA9100054D4D5 /* LocalMessagesViewController.swift */,
				8664EABD24AE309E0078963D /* ConnectionViewController.swift */,
			);
			path = ViewControllers;
			sourceTree = "<group>";
		};
		86AB200924A8DF4D007C60A4 /* SupportingFiles */ = {
			isa = PBXGroup;
			children = (
				86AB1FF724A8D4CF007C60A4 /* Main.storyboard */,
				86AB1FFF24A8D4D4007C60A4 /* LaunchScreen.storyboard */,
				86AB1FFD24A8D4D4007C60A4 /* Assets.xcassets */,
				86AB1FFA24A8D4CF007C60A4 /* Intranet.xcdatamodeld */,
				86AB200B24A8DFE0007C60A4 /* BaseExtensions.swift */,
				86E50E5724ABABF40054D4D5 /* BaseProtocols.swift */,
			);
			path = SupportingFiles;
			sourceTree = "<group>";
		};
		86AB200A24A8DF56007C60A4 /* Models */ = {
			isa = PBXGroup;
			children = (
				865FA59C24AA74F20020EE30 /* Message */,
				865FA59B24AA71000020EE30 /* Chat */,
				865FA59624AA6F9E0020EE30 /* User */,
			);
			path = Models;
			sourceTree = "<group>";
		};
		86AB201724A8E586007C60A4 /* CoreData */ = {
			isa = PBXGroup;
			children = (
				86AB201524A8E468007C60A4 /* UsersStorageManager.swift */,
				86E50E4924AB77B80054D4D5 /* ChatsStorageManager.swift */,
				86E50E4F24ABA5610054D4D5 /* MessagesStorageManager.swift */,
			);
			path = CoreData;
			sourceTree = "<group>";
		};
/* End PBXGroup section */

/* Begin PBXNativeTarget section */
		86AB1FED24A8D4CF007C60A4 /* Intranet */ = {
			isa = PBXNativeTarget;
			buildConfigurationList = 86AB200524A8D4D4007C60A4 /* Build configuration list for PBXNativeTarget "Intranet" */;
			buildPhases = (
				86AB1FEA24A8D4CF007C60A4 /* Sources */,
				86AB1FEB24A8D4CF007C60A4 /* Frameworks */,
				86AB1FEC24A8D4CF007C60A4 /* Resources */,
			);
			buildRules = (
			);
			dependencies = (
			);
			name = Intranet;
			productName = Intranet;
			productReference = 86AB1FEE24A8D4CF007C60A4 /* Intranet.app */;
			productType = "com.apple.product-type.application";
		};
/* End PBXNativeTarget section */

/* Begin PBXProject section */
		86AB1FE624A8D4CF007C60A4 /* Project object */ = {
			isa = PBXProject;
			attributes = {
				LastSwiftUpdateCheck = 1150;
				LastUpgradeCheck = 1150;
				ORGANIZATIONNAME = Vladislav;
				TargetAttributes = {
					86AB1FED24A8D4CF007C60A4 = {
						CreatedOnToolsVersion = 11.5;
					};
				};
			};
			buildConfigurationList = 86AB1FE924A8D4CF007C60A4 /* Build configuration list for PBXProject "Intranet" */;
			compatibilityVersion = "Xcode 9.3";
			developmentRegion = en;
			hasScannedForEncodings = 0;
			knownRegions = (
				en,
				Base,
			);
			mainGroup = 86AB1FE524A8D4CF007C60A4;
			productRefGroup = 86AB1FEF24A8D4CF007C60A4 /* Products */;
			projectDirPath = "";
			projectRoot = "";
			targets = (
				86AB1FED24A8D4CF007C60A4 /* Intranet */,
			);
		};
/* End PBXProject section */

/* Begin PBXResourcesBuildPhase section */
		86AB1FEC24A8D4CF007C60A4 /* Resources */ = {
			isa = PBXResourcesBuildPhase;
			buildActionMask = 2147483647;
			files = (
				86E50E5624ABABCC0054D4D5 /* MessageCell.xib in Resources */,
				86AB200124A8D4D4007C60A4 /* LaunchScreen.storyboard in Resources */,
				86E50E4E24AB7BBC0054D4D5 /* ChatCell.xib in Resources */,
				86AB1FFE24A8D4D4007C60A4 /* Assets.xcassets in Resources */,
				86AB1FF924A8D4CF007C60A4 /* Main.storyboard in Resources */,
			);
			runOnlyForDeploymentPostprocessing = 0;
		};
/* End PBXResourcesBuildPhase section */

/* Begin PBXSourcesBuildPhase section */
		86AB1FEA24A8D4CF007C60A4 /* Sources */ = {
			isa = PBXSourcesBuildPhase;
			buildActionMask = 2147483647;
			files = (
				86AB200C24A8DFE0007C60A4 /* BaseExtensions.swift in Sources */,
				86E50E5524ABABCC0054D4D5 /* MessageCell.swift in Sources */,
				865FA59A24AA705C0020EE30 /* Chat.swift in Sources */,
				86AB1FF624A8D4CF007C60A4 /* ChatViewController.swift in Sources */,
				86E50E4D24AB7BBC0054D4D5 /* ChatCell.swift in Sources */,
				86E50E5824ABABF40054D4D5 /* BaseProtocols.swift in Sources */,
				86E50E5024ABA5610054D4D5 /* MessagesStorageManager.swift in Sources */,
				864EE0CB24A90415007E9D46 /* ProfileViewController.swift in Sources */,
				8664EABE24AE309E0078963D /* ConnectionViewController.swift in Sources */,
				86AB201424A8E43A007C60A4 /* UserAuthorization.swift in Sources */,
				86AB201024A8E31F007C60A4 /* User.swift in Sources */,
				86E50E4A24AB77B80054D4D5 /* ChatsStorageManager.swift in Sources */,
				86AB201624A8E468007C60A4 /* UsersStorageManager.swift in Sources */,
				86AB1FF224A8D4CF007C60A4 /* AppDelegate.swift in Sources */,
				86E50E5224ABA9100054D4D5 /* LocalMessagesViewController.swift in Sources */,
				86AB1FFC24A8D4CF007C60A4 /* Intranet.xcdatamodeld in Sources */,
				865FA59E24AA76B70020EE30 /* Message.swift in Sources */,
				865FA59824AA6FC90020EE30 /* ChatObject.swift in Sources */,
				86CB163724AA7AC300A35A51 /* MessagesObject.swift in Sources */,
				86AB1FF424A8D4CF007C60A4 /* SceneDelegate.swift in Sources */,
				86AB201224A8E371007C60A4 /* UserObject.swift in Sources */,
			);
			runOnlyForDeploymentPostprocessing = 0;
		};
/* End PBXSourcesBuildPhase section */

/* Begin PBXVariantGroup section */
		86AB1FF724A8D4CF007C60A4 /* Main.storyboard */ = {
			isa = PBXVariantGroup;
			children = (
				86AB1FF824A8D4CF007C60A4 /* Base */,
			);
			name = Main.storyboard;
			sourceTree = "<group>";
		};
		86AB1FFF24A8D4D4007C60A4 /* LaunchScreen.storyboard */ = {
			isa = PBXVariantGroup;
			children = (
				86AB200024A8D4D4007C60A4 /* Base */,
			);
			name = LaunchScreen.storyboard;
			sourceTree = "<group>";
		};
/* End PBXVariantGroup section */

/* Begin XCBuildConfiguration section */
		86AB200324A8D4D4007C60A4 /* Debug */ = {
			isa = XCBuildConfiguration;
			buildSettings = {
				ALWAYS_SEARCH_USER_PATHS = NO;
				CLANG_ANALYZER_NONNULL = YES;
				CLANG_ANALYZER_NUMBER_OBJECT_CONVERSION = YES_AGGRESSIVE;
				CLANG_CXX_LANGUAGE_STANDARD = "gnu++14";
				CLANG_CXX_LIBRARY = "libc++";
				CLANG_ENABLE_MODULES = YES;
				CLANG_ENABLE_OBJC_ARC = YES;
				CLANG_ENABLE_OBJC_WEAK = YES;
				CLANG_WARN_BLOCK_CAPTURE_AUTORELEASING = YES;
				CLANG_WARN_BOOL_CONVERSION = YES;
				CLANG_WARN_COMMA = YES;
				CLANG_WARN_CONSTANT_CONVERSION = YES;
				CLANG_WARN_DEPRECATED_OBJC_IMPLEMENTATIONS = YES;
				CLANG_WARN_DIRECT_OBJC_ISA_USAGE = YES_ERROR;
				CLANG_WARN_DOCUMENTATION_COMMENTS = YES;
				CLANG_WARN_EMPTY_BODY = YES;
				CLANG_WARN_ENUM_CONVERSION = YES;
				CLANG_WARN_INFINITE_RECURSION = YES;
				CLANG_WARN_INT_CONVERSION = YES;
				CLANG_WARN_NON_LITERAL_NULL_CONVERSION = YES;
				CLANG_WARN_OBJC_IMPLICIT_RETAIN_SELF = YES;
				CLANG_WARN_OBJC_LITERAL_CONVERSION = YES;
				CLANG_WARN_OBJC_ROOT_CLASS = YES_ERROR;
				CLANG_WARN_RANGE_LOOP_ANALYSIS = YES;
				CLANG_WARN_STRICT_PROTOTYPES = YES;
				CLANG_WARN_SUSPICIOUS_MOVE = YES;
				CLANG_WARN_UNGUARDED_AVAILABILITY = YES_AGGRESSIVE;
				CLANG_WARN_UNREACHABLE_CODE = YES;
				CLANG_WARN__DUPLICATE_METHOD_MATCH = YES;
				COPY_PHASE_STRIP = NO;
				DEBUG_INFORMATION_FORMAT = dwarf;
				ENABLE_STRICT_OBJC_MSGSEND = YES;
				ENABLE_TESTABILITY = YES;
				GCC_C_LANGUAGE_STANDARD = gnu11;
				GCC_DYNAMIC_NO_PIC = NO;
				GCC_NO_COMMON_BLOCKS = YES;
				GCC_OPTIMIZATION_LEVEL = 0;
				GCC_PREPROCESSOR_DEFINITIONS = (
					"DEBUG=1",
					"$(inherited)",
				);
				GCC_WARN_64_TO_32_BIT_CONVERSION = YES;
				GCC_WARN_ABOUT_RETURN_TYPE = YES_ERROR;
				GCC_WARN_UNDECLARED_SELECTOR = YES;
				GCC_WARN_UNINITIALIZED_AUTOS = YES_AGGRESSIVE;
				GCC_WARN_UNUSED_FUNCTION = YES;
				GCC_WARN_UNUSED_VARIABLE = YES;
				IPHONEOS_DEPLOYMENT_TARGET = 13.5;
				MTL_ENABLE_DEBUG_INFO = INCLUDE_SOURCE;
				MTL_FAST_MATH = YES;
				ONLY_ACTIVE_ARCH = YES;
				SDKROOT = iphoneos;
				SWIFT_ACTIVE_COMPILATION_CONDITIONS = DEBUG;
				SWIFT_OPTIMIZATION_LEVEL = "-Onone";
			};
			name = Debug;
		};
		86AB200424A8D4D4007C60A4 /* Release */ = {
			isa = XCBuildConfiguration;
			buildSettings = {
				ALWAYS_SEARCH_USER_PATHS = NO;
				CLANG_ANALYZER_NONNULL = YES;
				CLANG_ANALYZER_NUMBER_OBJECT_CONVERSION = YES_AGGRESSIVE;
				CLANG_CXX_LANGUAGE_STANDARD = "gnu++14";
				CLANG_CXX_LIBRARY = "libc++";
				CLANG_ENABLE_MODULES = YES;
				CLANG_ENABLE_OBJC_ARC = YES;
				CLANG_ENABLE_OBJC_WEAK = YES;
				CLANG_WARN_BLOCK_CAPTURE_AUTORELEASING = YES;
				CLANG_WARN_BOOL_CONVERSION = YES;
				CLANG_WARN_COMMA = YES;
				CLANG_WARN_CONSTANT_CONVERSION = YES;
				CLANG_WARN_DEPRECATED_OBJC_IMPLEMENTATIONS = YES;
				CLANG_WARN_DIRECT_OBJC_ISA_USAGE = YES_ERROR;
				CLANG_WARN_DOCUMENTATION_COMMENTS = YES;
				CLANG_WARN_EMPTY_BODY = YES;
				CLANG_WARN_ENUM_CONVERSION = YES;
				CLANG_WARN_INFINITE_RECURSION = YES;
				CLANG_WARN_INT_CONVERSION = YES;
				CLANG_WARN_NON_LITERAL_NULL_CONVERSION = YES;
				CLANG_WARN_OBJC_IMPLICIT_RETAIN_SELF = YES;
				CLANG_WARN_OBJC_LITERAL_CONVERSION = YES;
				CLANG_WARN_OBJC_ROOT_CLASS = YES_ERROR;
				CLANG_WARN_RANGE_LOOP_ANALYSIS = YES;
				CLANG_WARN_STRICT_PROTOTYPES = YES;
				CLANG_WARN_SUSPICIOUS_MOVE = YES;
				CLANG_WARN_UNGUARDED_AVAILABILITY = YES_AGGRESSIVE;
				CLANG_WARN_UNREACHABLE_CODE = YES;
				CLANG_WARN__DUPLICATE_METHOD_MATCH = YES;
				COPY_PHASE_STRIP = NO;
				DEBUG_INFORMATION_FORMAT = "dwarf-with-dsym";
				ENABLE_NS_ASSERTIONS = NO;
				ENABLE_STRICT_OBJC_MSGSEND = YES;
				GCC_C_LANGUAGE_STANDARD = gnu11;
				GCC_NO_COMMON_BLOCKS = YES;
				GCC_WARN_64_TO_32_BIT_CONVERSION = YES;
				GCC_WARN_ABOUT_RETURN_TYPE = YES_ERROR;
				GCC_WARN_UNDECLARED_SELECTOR = YES;
				GCC_WARN_UNINITIALIZED_AUTOS = YES_AGGRESSIVE;
				GCC_WARN_UNUSED_FUNCTION = YES;
				GCC_WARN_UNUSED_VARIABLE = YES;
				IPHONEOS_DEPLOYMENT_TARGET = 13.5;
				MTL_ENABLE_DEBUG_INFO = NO;
				MTL_FAST_MATH = YES;
				SDKROOT = iphoneos;
				SWIFT_COMPILATION_MODE = wholemodule;
				SWIFT_OPTIMIZATION_LEVEL = "-O";
				VALIDATE_PRODUCT = YES;
			};
			name = Release;
		};
		86AB200624A8D4D4007C60A4 /* Debug */ = {
			isa = XCBuildConfiguration;
			buildSettings = {
				ASSETCATALOG_COMPILER_APPICON_NAME = AppIcon;
				CODE_SIGN_STYLE = Automatic;
				DEVELOPMENT_TEAM = 3DK6S8779M;
				INFOPLIST_FILE = Intranet/Info.plist;
				IPHONEOS_DEPLOYMENT_TARGET = 13.0;
				LD_RUNPATH_SEARCH_PATHS = (
					"$(inherited)",
					"@executable_path/Frameworks",
				);
				PRODUCT_BUNDLE_IDENTIFIER = vgrokhotov.Intranet;
				PRODUCT_NAME = "$(TARGET_NAME)";
				SWIFT_VERSION = 5.0;
				TARGETED_DEVICE_FAMILY = 1;
			};
			name = Debug;
		};
		86AB200724A8D4D4007C60A4 /* Release */ = {
			isa = XCBuildConfiguration;
			buildSettings = {
				ASSETCATALOG_COMPILER_APPICON_NAME = AppIcon;
				CODE_SIGN_STYLE = Automatic;
				DEVELOPMENT_TEAM = 3DK6S8779M;
				INFOPLIST_FILE = Intranet/Info.plist;
				IPHONEOS_DEPLOYMENT_TARGET = 13.0;
				LD_RUNPATH_SEARCH_PATHS = (
					"$(inherited)",
					"@executable_path/Frameworks",
				);
				PRODUCT_BUNDLE_IDENTIFIER = vgrokhotov.Intranet;
				PRODUCT_NAME = "$(TARGET_NAME)";
				SWIFT_VERSION = 5.0;
				TARGETED_DEVICE_FAMILY = 1;
			};
			name = Release;
		};
/* End XCBuildConfiguration section */

/* Begin XCConfigurationList section */
		86AB1FE924A8D4CF007C60A4 /* Build configuration list for PBXProject "Intranet" */ = {
			isa = XCConfigurationList;
			buildConfigurations = (
				86AB200324A8D4D4007C60A4 /* Debug */,
				86AB200424A8D4D4007C60A4 /* Release */,
			);
			defaultConfigurationIsVisible = 0;
			defaultConfigurationName = Release;
		};
		86AB200524A8D4D4007C60A4 /* Build configuration list for PBXNativeTarget "Intranet" */ = {
			isa = XCConfigurationList;
			buildConfigurations = (
				86AB200624A8D4D4007C60A4 /* Debug */,
				86AB200724A8D4D4007C60A4 /* Release */,
			);
			defaultConfigurationIsVisible = 0;
			defaultConfigurationName = Release;
		};
/* End XCConfigurationList section */

/* Begin XCVersionGroup section */
		86AB1FFA24A8D4CF007C60A4 /* Intranet.xcdatamodeld */ = {
			isa = XCVersionGroup;
			children = (
				86AB1FFB24A8D4CF007C60A4 /* Intranet.xcdatamodel */,
			);
			currentVersion = 86AB1FFB24A8D4CF007C60A4 /* Intranet.xcdatamodel */;
			path = Intranet.xcdatamodeld;
			sourceTree = "<group>";
			versionGroupType = wrapper.xcdatamodel;
		};
/* End XCVersionGroup section */
	};
	rootObject = 86AB1FE624A8D4CF007C60A4 /* Project object */;
}
